<?xml version="1.0" encoding="utf-8"?>
<Project ToolsVersion="4.0" xmlns="http://schemas.microsoft.com/developer/msbuild/2003">
  <ItemGroup>
    <Filter Include="resource">
      <UniqueIdentifier>{f07fffca-41dc-41e6-9b94-0cb83a7f10f4}</UniqueIdentifier>
      <Extensions>rc;ico;cur;bmp;dlg;rc2;rct;bin;rgs;jpg;jpeg;jpe;png;manifest</Extensions>
    </Filter>
    <Filter Include="Classes">
      <UniqueIdentifier>{23df8f38-251f-4f4e-b499-5e840bf336cb}</UniqueIdentifier>
      <Extensions>h;hpp;hxx;hm;inl;inc</Extensions>
    </Filter>
    <Filter Include="win32">
      <UniqueIdentifier>{7bcd0d1d-927d-4ffa-9545-354ab4fed68c}</UniqueIdentifier>
    </Filter>
    <Filter Include="Classes\NetWork">
      <UniqueIdentifier>{4f7347e4-7679-4489-bd2e-1624101582fd}</UniqueIdentifier>
    </Filter>
    <Filter Include="Classes\Packet">
      <UniqueIdentifier>{b1a80182-b58a-43e8-b084-e9d51ec67b09}</UniqueIdentifier>
    </Filter>
    <Filter Include="Classes\Packet\Handler">
      <UniqueIdentifier>{9db1e365-764c-405a-a091-9bb489b0d47c}</UniqueIdentifier>
    </Filter>
    <Filter Include="Classes\TcpNetwork">
      <UniqueIdentifier>{109db62a-c5f8-49b6-a0a7-a5d39949b0af}</UniqueIdentifier>
    </Filter>
    <Filter Include="Classes\Utils">
      <UniqueIdentifier>{cc26715e-8dc3-477f-a0db-a357851a14e0}</UniqueIdentifier>
    </Filter>
    <Filter Include="Classes\Worker">
      <UniqueIdentifier>{8a1e3ada-ce1a-4179-83cc-384512fae19b}</UniqueIdentifier>
    </Filter>
    <Filter Include="CocoGUILIB">
      <UniqueIdentifier>{bf66b72e-bbd2-453c-88f2-c32e54cf0d32}</UniqueIdentifier>
    </Filter>
    <Filter Include="CocoGUILIB\BaseClasses">
      <UniqueIdentifier>{6c15ea52-2469-497c-8faf-b1ee37d17324}</UniqueIdentifier>
    </Filter>
    <Filter Include="CocoGUILIB\CGraphics">
      <UniqueIdentifier>{482618ff-1151-4232-b90f-637a630ef618}</UniqueIdentifier>
    </Filter>
    <Filter Include="CocoGUILIB\Component">
      <UniqueIdentifier>{ac9a6429-ae78-40bb-b458-4696453d2869}</UniqueIdentifier>
    </Filter>
    <Filter Include="CocoGUILIB\System">
      <UniqueIdentifier>{d7455298-0df7-4157-af44-8a29210f413f}</UniqueIdentifier>
    </Filter>
    <Filter Include="CocoGUILIB\UIElements">
      <UniqueIdentifier>{17b85f29-d599-4215-b4f8-bb4ffa782ded}</UniqueIdentifier>
    </Filter>
    <Filter Include="CocoGUILIB\BaseClasses\Graphics">
      <UniqueIdentifier>{e62d734c-123e-40f4-b32c-592a84017fc4}</UniqueIdentifier>
    </Filter>
    <Filter Include="CocoGUILIB\BaseClasses\Widget">
      <UniqueIdentifier>{ad0a1354-3b81-46b2-870a-1d42d70afb8a}</UniqueIdentifier>
    </Filter>
    <Filter Include="CocoGUILIB\System\Json">
      <UniqueIdentifier>{55e7671d-0f3d-416a-974c-822c6b2f7df4}</UniqueIdentifier>
    </Filter>
    <Filter Include="CocoGUILIB\System\Json\json">
      <UniqueIdentifier>{f1588593-712f-47aa-becf-526356d14656}</UniqueIdentifier>
    </Filter>
    <Filter Include="CocoGUILIB\System\Json\lib_json">
      <UniqueIdentifier>{2216abf1-6d07-4eac-a998-a73dbcc8536e}</UniqueIdentifier>
    </Filter>
    <Filter Include="Classes\Model">
      <UniqueIdentifier>{698eb99b-b463-4a12-b1cd-b7df84c92007}</UniqueIdentifier>
    </Filter>
    <Filter Include="Classes\Model\Scene">
      <UniqueIdentifier>{1b84efc2-d0a3-4e7c-b95e-f6b667fa8fba}</UniqueIdentifier>
    </Filter>
    <Filter Include="Classes\Model\Layer">
      <UniqueIdentifier>{894b8b38-17b8-4118-9212-8a2f304f556f}</UniqueIdentifier>
    </Filter>
    <Filter Include="Classes\Model\Button">
      <UniqueIdentifier>{0aa04e0a-8fd1-44ec-974f-e42ca80517a2}</UniqueIdentifier>
    </Filter>
    <Filter Include="Classes\Model\Sprite">
      <UniqueIdentifier>{c4148ea4-21e3-4699-8c1d-e848d7e29390}</UniqueIdentifier>
    </Filter>
    <Filter Include="Classes\View">
      <UniqueIdentifier>{774ea500-05eb-4961-bbb8-47bb57406f2d}</UniqueIdentifier>
    </Filter>
    <Filter Include="Classes\Game">
      <UniqueIdentifier>{4658e21f-cff4-4dff-b096-5543eb11cd8a}</UniqueIdentifier>
    </Filter>
  </ItemGroup>
  <ItemGroup>
    <None Include="..\Resources\Default.png">
      <Filter>resource</Filter>
    </None>
    <None Include="..\Resources\crop.png">
      <Filter>resource</Filter>
    </None>
    <None Include="..\Resources\farm.jpg">
      <Filter>resource</Filter>
    </None>
    <None Include="..\Resources\land.png">
      <Filter>resource</Filter>
    </None>
    <None Include="..\Resources\menu2.png">
      <Filter>resource</Filter>
    </None>
    <None Include="..\Resources\Icon.png">
      <Filter>resource</Filter>
    </None>
    <None Include="..\Resources\dog.png">
      <Filter>resource</Filter>
    </None>
    <None Include="..\Resources\menu1.png">
      <Filter>resource</Filter>
    </None>
    <None Include="..\Classes\Packet\Handler\Handlers.inl">
      <Filter>Classes\Packet\Handler</Filter>
    </None>
    <None Include="..\Classes\Packet\Builder.inl">
      <Filter>Classes\Packet</Filter>
    </None>
    <None Include="res\SouShen.ico">
      <Filter>resource</Filter>
    </None>
    <None Include="..\CocoGUILIB\System\Json\lib_json\json_internalarray.inl">
      <Filter>CocoGUILIB\System\Json\lib_json</Filter>
    </None>
    <None Include="..\CocoGUILIB\System\Json\lib_json\json_internalmap.inl">
      <Filter>CocoGUILIB\System\Json\lib_json</Filter>
    </None>
    <None Include="..\CocoGUILIB\System\Json\lib_json\json_valueiterator.inl">
      <Filter>CocoGUILIB\System\Json\lib_json</Filter>
    </None>
  </ItemGroup>
  <ItemGroup>
    <ClInclude Include="..\Classes\AppDelegate.h">
      <Filter>Classes</Filter>
    </ClInclude>
    <ClInclude Include="..\Classes\View\Scene\CBaseScene.h">
      <Filter>Classes\Model\Scene</Filter>
    </ClInclude>
    <ClInclude Include="..\Classes\View\Scene\CMenuScene.h">
      <Filter>Classes\Model\Scene</Filter>
    </ClInclude>
    <ClInclude Include="..\Classes\View\Scene\CTestScene.h">
      <Filter>Classes\Model\Scene</Filter>
    </ClInclude>
    <ClInclude Include="..\Classes\View\Button\Button.h">
      <Filter>Classes\Model\Button</Filter>
    </ClInclude>
    <ClInclude Include="..\Classes\View\Layer\ControllerLayer.h">
      <Filter>Classes\Model\Layer</Filter>
    </ClInclude>
    <ClInclude Include="..\Classes\View\Layer\GameLayer.h">
      <Filter>Classes\Model\Layer</Filter>
    </ClInclude>
    <ClInclude Include="..\Classes\Utils\CharacterConver.h">
      <Filter>Classes\Utils</Filter>
    </ClInclude>
    <ClInclude Include="..\Classes\Utils\Singleton.h">
      <Filter>Classes\Utils</Filter>
    </ClInclude>
    <ClInclude Include="..\Classes\TcpNetwork\ClientNet.h">
      <Filter>Classes\TcpNetwork</Filter>
    </ClInclude>
    <ClInclude Include="..\Classes\TcpNetwork\Socket.h">
      <Filter>Classes\TcpNetwork</Filter>
    </ClInclude>
    <ClInclude Include="..\Classes\TcpNetwork\TcpSocket.h">
      <Filter>Classes\TcpNetwork</Filter>
    </ClInclude>
    <ClInclude Include="..\Classes\TcpNetwork\Utils.h">
      <Filter>Classes\TcpNetwork</Filter>
    </ClInclude>
    <ClInclude Include="..\Classes\Packet\Handler\Handler.h">
      <Filter>Classes\Packet\Handler</Filter>
    </ClInclude>
    <ClInclude Include="..\Classes\Packet\Builder.h">
      <Filter>Classes\Packet</Filter>
    </ClInclude>
    <ClInclude Include="..\Classes\Packet\Processor.h">
      <Filter>Classes\Packet</Filter>
    </ClInclude>
    <ClInclude Include="main.h">
      <Filter>win32</Filter>
    </ClInclude>
    <ClInclude Include="..\..\Config.h">
      <Filter>Classes</Filter>
    </ClInclude>
    <ClInclude Include="..\CocoGUILIB\BaseClasses\Graphics\UIElement.h">
      <Filter>CocoGUILIB\BaseClasses\Graphics</Filter>
    </ClInclude>
    <ClInclude Include="..\CocoGUILIB\BaseClasses\Widget\CocoContainerWidget.h">
      <Filter>CocoGUILIB\BaseClasses\Widget</Filter>
    </ClInclude>
    <ClInclude Include="..\CocoGUILIB\BaseClasses\Widget\CocoRootWidget.h">
      <Filter>CocoGUILIB\BaseClasses\Widget</Filter>
    </ClInclude>
    <ClInclude Include="..\CocoGUILIB\BaseClasses\Widget\CocoWidget.h">
      <Filter>CocoGUILIB\BaseClasses\Widget</Filter>
    </ClInclude>
    <ClInclude Include="..\CocoGUILIB\CGraphics\CClipAbleLayerColor.h">
      <Filter>CocoGUILIB\CGraphics</Filter>
    </ClInclude>
    <ClInclude Include="..\CocoGUILIB\CGraphics\CClipAbleSprite.h">
      <Filter>CocoGUILIB\CGraphics</Filter>
    </ClInclude>
    <ClInclude Include="..\CocoGUILIB\CGraphics\CLabelAtlas.h">
      <Filter>CocoGUILIB\CGraphics</Filter>
    </ClInclude>
    <ClInclude Include="..\CocoGUILIB\CGraphics\CPrimitivesNode.h">
      <Filter>CocoGUILIB\CGraphics</Filter>
    </ClInclude>
    <ClInclude Include="..\CocoGUILIB\CGraphics\CRenderNode.h">
      <Filter>CocoGUILIB\CGraphics</Filter>
    </ClInclude>
    <ClInclude Include="..\CocoGUILIB\CGraphics\CTextField.h">
      <Filter>CocoGUILIB\CGraphics</Filter>
    </ClInclude>
    <ClInclude Include="..\CocoGUILIB\CGraphics\GUINodeRGBA.h">
      <Filter>CocoGUILIB\CGraphics</Filter>
    </ClInclude>
    <ClInclude Include="..\CocoGUILIB\Component\CocoButton.h">
      <Filter>CocoGUILIB\Component</Filter>
    </ClInclude>
    <ClInclude Include="..\CocoGUILIB\Component\CocoCheckBox.h">
      <Filter>CocoGUILIB\Component</Filter>
    </ClInclude>
    <ClInclude Include="..\CocoGUILIB\Component\CocoImageButton.h">
      <Filter>CocoGUILIB\Component</Filter>
    </ClInclude>
    <ClInclude Include="..\CocoGUILIB\Component\CocoImageView.h">
      <Filter>CocoGUILIB\Component</Filter>
    </ClInclude>
    <ClInclude Include="..\CocoGUILIB\Component\CocoLabel.h">
      <Filter>CocoGUILIB\Component</Filter>
    </ClInclude>
    <ClInclude Include="..\CocoGUILIB\Component\CocoLabelAtlas.h">
      <Filter>CocoGUILIB\Component</Filter>
    </ClInclude>
    <ClInclude Include="..\CocoGUILIB\Component\CocoListView.h">
      <Filter>CocoGUILIB\Component</Filter>
    </ClInclude>
    <ClInclude Include="..\CocoGUILIB\Component\CocoLoadingBar.h">
      <Filter>CocoGUILIB\Component</Filter>
    </ClInclude>
    <ClInclude Include="..\CocoGUILIB\Component\CocoPanel.h">
      <Filter>CocoGUILIB\Component</Filter>
    </ClInclude>
    <ClInclude Include="..\CocoGUILIB\Component\CocoScrollView.h">
      <Filter>CocoGUILIB\Component</Filter>
    </ClInclude>
    <ClInclude Include="..\CocoGUILIB\Component\CocoSlider.h">
      <Filter>CocoGUILIB\Component</Filter>
    </ClInclude>
    <ClInclude Include="..\CocoGUILIB\Component\CocoTextArea.h">
      <Filter>CocoGUILIB\Component</Filter>
    </ClInclude>
    <ClInclude Include="..\CocoGUILIB\Component\CocoTextButton.h">
      <Filter>CocoGUILIB\Component</Filter>
    </ClInclude>
    <ClInclude Include="..\CocoGUILIB\Component\CocoTextField.h">
      <Filter>CocoGUILIB\Component</Filter>
    </ClInclude>
    <ClInclude Include="..\CocoGUILIB\System\Json\json\autolink.h">
      <Filter>CocoGUILIB\System\Json\json</Filter>
    </ClInclude>
    <ClInclude Include="..\CocoGUILIB\System\Json\json\config.h">
      <Filter>CocoGUILIB\System\Json\json</Filter>
    </ClInclude>
    <ClInclude Include="..\CocoGUILIB\System\Json\json\features.h">
      <Filter>CocoGUILIB\System\Json\json</Filter>
    </ClInclude>
    <ClInclude Include="..\CocoGUILIB\System\Json\json\forwards.h">
      <Filter>CocoGUILIB\System\Json\json</Filter>
    </ClInclude>
    <ClInclude Include="..\CocoGUILIB\System\Json\json\json_lib.h">
      <Filter>CocoGUILIB\System\Json\json</Filter>
    </ClInclude>
    <ClInclude Include="..\CocoGUILIB\System\Json\json\reader.h">
      <Filter>CocoGUILIB\System\Json\json</Filter>
    </ClInclude>
    <ClInclude Include="..\CocoGUILIB\System\Json\json\value.h">
      <Filter>CocoGUILIB\System\Json\json</Filter>
    </ClInclude>
    <ClInclude Include="..\CocoGUILIB\System\Json\json\writer.h">
      <Filter>CocoGUILIB\System\Json\json</Filter>
    </ClInclude>
    <ClInclude Include="..\CocoGUILIB\System\Json\lib_json\json_batchallocator.h">
      <Filter>CocoGUILIB\System\Json\lib_json</Filter>
    </ClInclude>
    <ClInclude Include="..\CocoGUILIB\System\Json\lib_json\json_tool.h">
      <Filter>CocoGUILIB\System\Json\lib_json</Filter>
    </ClInclude>
    <ClInclude Include="..\CocoGUILIB\UIElements\UILabelAtlas.h">
      <Filter>CocoGUILIB\UIElements</Filter>
    </ClInclude>
    <ClInclude Include="..\CocoGUILIB\UIElements\UIScale9Sprite.h">
      <Filter>CocoGUILIB\UIElements</Filter>
    </ClInclude>
    <ClInclude Include="..\CocoGUILIB\UIElements\UISprite.h">
      <Filter>CocoGUILIB\UIElements</Filter>
    </ClInclude>
    <ClInclude Include="..\CocoGUILIB\UIElements\UIText.h">
      <Filter>CocoGUILIB\UIElements</Filter>
    </ClInclude>
    <ClInclude Include="..\CocoGUILIB\UIElements\UITextArea.h">
      <Filter>CocoGUILIB\UIElements</Filter>
    </ClInclude>
    <ClInclude Include="..\CocoGUILIB\UIElements\UITextField.h">
      <Filter>CocoGUILIB\UIElements</Filter>
    </ClInclude>
    <ClInclude Include="..\CocoGUILIB\System\Json\CSContentJsonDictionary.h">
      <Filter>CocoGUILIB\System\Json</Filter>
    </ClInclude>
    <ClInclude Include="..\CocoGUILIB\System\CCSReader.h">
      <Filter>CocoGUILIB\System</Filter>
    </ClInclude>
    <ClInclude Include="..\CocoGUILIB\System\CocoStudioGUI.h">
      <Filter>CocoGUILIB\System</Filter>
    </ClInclude>
    <ClInclude Include="..\CocoGUILIB\System\DictionaryHelper.h">
      <Filter>CocoGUILIB\System</Filter>
    </ClInclude>
    <ClInclude Include="..\CocoGUILIB\System\InputLayer.h">
      <Filter>CocoGUILIB\System</Filter>
    </ClInclude>
    <ClInclude Include="..\CocoGUILIB\System\UIInputManager.h">
      <Filter>CocoGUILIB\System</Filter>
    </ClInclude>
    <ClInclude Include="..\CocoGUILIB\System\UIScene.h">
      <Filter>CocoGUILIB\System</Filter>
    </ClInclude>
    <ClInclude Include="..\CocoGUILIB\System\UISystem.h">
      <Filter>CocoGUILIB\System</Filter>
    </ClInclude>
    <ClInclude Include="..\Classes\Game\TPlayer.h">
      <Filter>Classes\Game</Filter>
    </ClInclude>
    <ClInclude Include="..\Classes\Game\GameManager.h">
      <Filter>Classes\Game</Filter>
    </ClInclude>
    <ClInclude Include="..\Classes\View\GameResources.h">
      <Filter>Classes\Model</Filter>
    </ClInclude>
    <ClInclude Include="..\Classes\View\PixelResolution.h">
      <Filter>Classes\Model</Filter>
    </ClInclude>
    <ClInclude Include="..\Classes\View\Sprite\CardNormal.h">
      <Filter>Classes\Model\Sprite</Filter>
    </ClInclude>
    <ClInclude Include="..\Classes\View\Sprite\CardBase.h">
      <Filter>Classes\Model\Sprite</Filter>
    </ClInclude>
    <ClInclude Include="..\Classes\View\Sprite\CardGeneral.h">
      <Filter>Classes\Model\Sprite</Filter>
    </ClInclude>
    <ClInclude Include="..\Classes\View\Sprite\CardKing.h">
      <Filter>Classes\Model\Sprite</Filter>
    </ClInclude>
    <ClInclude Include="..\Classes\Utils\MobileLog.h">
      <Filter>Classes\Utils</Filter>
    </ClInclude>
    <ClInclude Include="..\Classes\View\Sprite\CCard.h">
      <Filter>Classes\Model\Sprite</Filter>
    </ClInclude>
  </ItemGroup>
  <ItemGroup>
    <ClCompile Include="..\Classes\View\Scene\CBaseScene.cpp">
      <Filter>Classes\Model\Scene</Filter>
    </ClCompile>
    <ClCompile Include="..\Classes\View\Scene\CMenuScene.cpp">
      <Filter>Classes\Model\Scene</Filter>
    </ClCompile>
    <ClCompile Include="..\Classes\View\Scene\CTestScene.cpp">
      <Filter>Classes\Model\Scene</Filter>
    </ClCompile>
    <ClCompile Include="..\Classes\View\Button\Button.cpp">
      <Filter>Classes\Model\Button</Filter>
    </ClCompile>
    <ClCompile Include="..\Classes\View\Layer\ControllerLayer.cpp">
      <Filter>Classes\Model\Layer</Filter>
    </ClCompile>
    <ClCompile Include="..\Classes\View\Layer\GameLayer.cpp">
      <Filter>Classes\Model\Layer</Filter>
    </ClCompile>
    <ClCompile Include="..\Classes\Utils\CharacterConver.cpp">
      <Filter>Classes\Utils</Filter>
    </ClCompile>
    <ClCompile Include="..\Classes\TcpNetwork\ClientNet.cpp">
      <Filter>Classes\TcpNetwork</Filter>
    </ClCompile>
    <ClCompile Include="..\Classes\TcpNetwork\Socket.cpp">
      <Filter>Classes\TcpNetwork</Filter>
    </ClCompile>
    <ClCompile Include="..\Classes\TcpNetwork\TcpSocket.cpp">
      <Filter>Classes\TcpNetwork</Filter>
    </ClCompile>
    <ClCompile Include="..\Classes\TcpNetwork\Utils.cpp">
      <Filter>Classes\TcpNetwork</Filter>
    </ClCompile>
    <ClCompile Include="..\Classes\Packet\Handler\Handler.cpp">
      <Filter>Classes\Packet\Handler</Filter>
    </ClCompile>
    <ClCompile Include="..\Classes\Packet\AllHandlers.cpp">
      <Filter>Classes\Packet</Filter>
    </ClCompile>
    <ClCompile Include="..\Classes\Packet\Builder.cpp">
      <Filter>Classes\Packet</Filter>
    </ClCompile>
    <ClCompile Include="..\Classes\Packet\Packet.cpp">
      <Filter>Classes\Packet</Filter>
    </ClCompile>
    <ClCompile Include="..\Classes\Packet\Processor.cpp">
      <Filter>Classes\Packet</Filter>
    </ClCompile>
    <ClCompile Include="..\Classes\AppDelegate.cpp">
      <Filter>Classes</Filter>
    </ClCompile>
    <ClCompile Include="main.cpp">
      <Filter>win32</Filter>
    </ClCompile>
    <ClCompile Include="..\..\Config.cpp">
      <Filter>Classes</Filter>
    </ClCompile>
    <ClCompile Include="..\CocoGUILIB\BaseClasses\Graphics\UIElement.cpp">
      <Filter>CocoGUILIB\BaseClasses\Graphics</Filter>
    </ClCompile>
    <ClCompile Include="..\CocoGUILIB\BaseClasses\Widget\CocoContainerWidget.cpp">
      <Filter>CocoGUILIB\BaseClasses\Widget</Filter>
    </ClCompile>
    <ClCompile Include="..\CocoGUILIB\BaseClasses\Widget\CocoRootWidget.cpp">
      <Filter>CocoGUILIB\BaseClasses\Widget</Filter>
    </ClCompile>
    <ClCompile Include="..\CocoGUILIB\BaseClasses\Widget\CocoWidget.cpp">
      <Filter>CocoGUILIB\BaseClasses\Widget</Filter>
    </ClCompile>
    <ClCompile Include="..\CocoGUILIB\CGraphics\CClipAbleLayerColor.cpp">
      <Filter>CocoGUILIB\CGraphics</Filter>
    </ClCompile>
    <ClCompile Include="..\CocoGUILIB\CGraphics\CClipAbleSprite.cpp">
      <Filter>CocoGUILIB\CGraphics</Filter>
    </ClCompile>
    <ClCompile Include="..\CocoGUILIB\CGraphics\CLabelAtlas.cpp">
      <Filter>CocoGUILIB\CGraphics</Filter>
    </ClCompile>
    <ClCompile Include="..\CocoGUILIB\CGraphics\CPrimitivesNode.cpp">
      <Filter>CocoGUILIB\CGraphics</Filter>
    </ClCompile>
    <ClCompile Include="..\CocoGUILIB\CGraphics\CRenderNode.cpp">
      <Filter>CocoGUILIB\CGraphics</Filter>
    </ClCompile>
    <ClCompile Include="..\CocoGUILIB\CGraphics\CTextField.cpp">
      <Filter>CocoGUILIB\CGraphics</Filter>
    </ClCompile>
    <ClCompile Include="..\CocoGUILIB\CGraphics\GUINodeRGBA.cpp">
      <Filter>CocoGUILIB\CGraphics</Filter>
    </ClCompile>
    <ClCompile Include="..\CocoGUILIB\Component\CocoButton.cpp">
      <Filter>CocoGUILIB\Component</Filter>
    </ClCompile>
    <ClCompile Include="..\CocoGUILIB\Component\CocoCheckBox.cpp">
      <Filter>CocoGUILIB\Component</Filter>
    </ClCompile>
    <ClCompile Include="..\CocoGUILIB\Component\CocoImageButton.cpp">
      <Filter>CocoGUILIB\Component</Filter>
    </ClCompile>
    <ClCompile Include="..\CocoGUILIB\Component\CocoImageView.cpp">
      <Filter>CocoGUILIB\Component</Filter>
    </ClCompile>
    <ClCompile Include="..\CocoGUILIB\Component\CocoLabel.cpp">
      <Filter>CocoGUILIB\Component</Filter>
    </ClCompile>
    <ClCompile Include="..\CocoGUILIB\Component\CocoLabelAtlas.cpp">
      <Filter>CocoGUILIB\Component</Filter>
    </ClCompile>
    <ClCompile Include="..\CocoGUILIB\Component\CocoListView.cpp">
      <Filter>CocoGUILIB\Component</Filter>
    </ClCompile>
    <ClCompile Include="..\CocoGUILIB\Component\CocoLoadingBar.cpp">
      <Filter>CocoGUILIB\Component</Filter>
    </ClCompile>
    <ClCompile Include="..\CocoGUILIB\Component\CocoPanel.cpp">
      <Filter>CocoGUILIB\Component</Filter>
    </ClCompile>
    <ClCompile Include="..\CocoGUILIB\Component\CocoScrollView.cpp">
      <Filter>CocoGUILIB\Component</Filter>
    </ClCompile>
    <ClCompile Include="..\CocoGUILIB\Component\CocoSlider.cpp">
      <Filter>CocoGUILIB\Component</Filter>
    </ClCompile>
    <ClCompile Include="..\CocoGUILIB\Component\CocoTextArea.cpp">
      <Filter>CocoGUILIB\Component</Filter>
    </ClCompile>
    <ClCompile Include="..\CocoGUILIB\Component\CocoTextButton.cpp">
      <Filter>CocoGUILIB\Component</Filter>
    </ClCompile>
    <ClCompile Include="..\CocoGUILIB\Component\CocoTextField.cpp">
      <Filter>CocoGUILIB\Component</Filter>
    </ClCompile>
    <ClCompile Include="..\CocoGUILIB\System\Json\lib_json\json_reader.cpp">
      <Filter>CocoGUILIB\System\Json\lib_json</Filter>
    </ClCompile>
    <ClCompile Include="..\CocoGUILIB\System\Json\lib_json\json_value.cpp">
      <Filter>CocoGUILIB\System\Json\lib_json</Filter>
    </ClCompile>
    <ClCompile Include="..\CocoGUILIB\System\Json\lib_json\json_writer.cpp">
      <Filter>CocoGUILIB\System\Json\lib_json</Filter>
    </ClCompile>
    <ClCompile Include="..\CocoGUILIB\UIElements\UILabelAtlas.cpp">
      <Filter>CocoGUILIB\UIElements</Filter>
    </ClCompile>
    <ClCompile Include="..\CocoGUILIB\UIElements\UIScale9Sprite.cpp">
      <Filter>CocoGUILIB\UIElements</Filter>
    </ClCompile>
    <ClCompile Include="..\CocoGUILIB\UIElements\UISprite.cpp">
      <Filter>CocoGUILIB\UIElements</Filter>
    </ClCompile>
    <ClCompile Include="..\CocoGUILIB\UIElements\UIText.cpp">
      <Filter>CocoGUILIB\UIElements</Filter>
    </ClCompile>
    <ClCompile Include="..\CocoGUILIB\UIElements\UITextArea.cpp">
      <Filter>CocoGUILIB\UIElements</Filter>
    </ClCompile>
    <ClCompile Include="..\CocoGUILIB\UIElements\UITextField.cpp">
      <Filter>CocoGUILIB\UIElements</Filter>
    </ClCompile>
    <ClCompile Include="..\CocoGUILIB\System\Json\CSContentJsonDictionary.cpp">
      <Filter>CocoGUILIB\System\Json</Filter>
    </ClCompile>
    <ClCompile Include="..\CocoGUILIB\System\CCSReader.cpp">
      <Filter>CocoGUILIB\System</Filter>
    </ClCompile>
    <ClCompile Include="..\CocoGUILIB\System\CocoStudioGUI.cpp">
      <Filter>CocoGUILIB\System</Filter>
    </ClCompile>
    <ClCompile Include="..\CocoGUILIB\System\DictionaryHelper.cpp">
      <Filter>CocoGUILIB\System</Filter>
    </ClCompile>
    <ClCompile Include="..\CocoGUILIB\System\InputLayer.cpp">
      <Filter>CocoGUILIB\System</Filter>
    </ClCompile>
    <ClCompile Include="..\CocoGUILIB\System\UIInputManager.cpp">
      <Filter>CocoGUILIB\System</Filter>
    </ClCompile>
    <ClCompile Include="..\CocoGUILIB\System\UIScene.cpp">
      <Filter>CocoGUILIB\System</Filter>
    </ClCompile>
    <ClCompile Include="..\CocoGUILIB\System\UISystem.cpp">
      <Filter>CocoGUILIB\System</Filter>
    </ClCompile>
    <ClCompile Include="..\Classes\Game\LeftTPlayer.cpp">
      <Filter>Classes\Game</Filter>
    </ClCompile>
    <ClCompile Include="..\Classes\Game\RightTPlayer.cpp">
      <Filter>Classes\Game</Filter>
    </ClCompile>
    <ClCompile Include="..\Classes\Game\SelfTPlayer.cpp">
      <Filter>Classes\Game</Filter>
    </ClCompile>
    <ClCompile Include="..\Classes\Game\TopTPlayer.cpp">
      <Filter>Classes\Game</Filter>
    </ClCompile>
    <ClCompile Include="..\Classes\Game\TPlayer.cpp">
      <Filter>Classes\Game</Filter>
    </ClCompile>
    <ClCompile Include="..\Classes\Game\GameManager.cpp">
      <Filter>Classes\Game</Filter>
    </ClCompile>
    <ClCompile Include="..\Classes\View\Sprite\CardNormal.cpp">
      <Filter>Classes\Model\Sprite</Filter>
    </ClCompile>
    <ClCompile Include="..\Classes\View\Sprite\CardBase.cpp">
      <Filter>Classes\Model\Sprite</Filter>
    </ClCompile>
    <ClCompile Include="..\Classes\View\Sprite\CardGeneral.cpp">
      <Filter>Classes\Model\Sprite</Filter>
    </ClCompile>
    <ClCompile Include="..\Classes\View\Sprite\CardKing.cpp">
      <Filter>Classes\Model\Sprite</Filter>
    </ClCompile>
  </ItemGroup>
  <ItemGroup>
    <ResourceCompile Include="SouShen.rc">
      <Filter>resource</Filter>
    </ResourceCompile>
  </ItemGroup>
</Project>